version = 1
revision = 3
requires-python = ">=3.12"
resolution-markers = [
    "sys_platform == 'darwin'",
    "platform_machine == 'aarch64' and sys_platform == 'linux'",
    "(platform_machine != 'aarch64' and sys_platform == 'linux') or (sys_platform != 'darwin' and sys_platform != 'linux')",
]

[[package]]
name = "altgraph"
version = "0.17.3"
source = { registry = "https://pypi.org/simple" }
sdist = { url = "https://files.pythonhosted.org/packages/5a/13/a7cfa43856a7b8e4894848ec8f71cd9e1ac461e51802391a3e2101c60ed6/altgraph-0.17.3.tar.gz", hash = "sha256:ad33358114df7c9416cdb8fa1eaa5852166c505118717021c6a8c7c7abbd03dd", size = 48328, upload-time = "2022-09-25T17:42:25.84Z" }
wheels = [
    { url = "https://files.pythonhosted.org/packages/cc/ff/88d277ba936d226b0f6dbd6711145f90fcfeed3aa9455c1c2f62c8ffec5b/altgraph-0.17.3-py2.py3-none-any.whl", hash = "sha256:c8ac1ca6772207179ed8003ce7687757c04b0b71536f81e2ac5755c6226458fe", size = 21241, upload-time = "2022-09-25T17:42:23.715Z" },
]

[[package]]
name = "autopep8"
version = "2.0.2"
source = { registry = "https://pypi.org/simple" }
dependencies = [
    { name = "pycodestyle" },
]
sdist = { url = "https://files.pythonhosted.org/packages/b2/03/49cb49b37a4d51721ece9c628eb9441f9a4e26ee98ad6e5505238d5b2d7a/autopep8-2.0.2.tar.gz", hash = "sha256:f9849cdd62108cb739dbcdbfb7fdcc9a30d1b63c4cc3e1c1f893b5360941b61c", size = 116154, upload-time = "2023-03-03T09:21:40.083Z" }
wheels = [
    { url = "https://files.pythonhosted.org/packages/3c/24/4eadb64c81c10b354b0c2b6a54a3542c3ce112954cc4effff038beafb009/autopep8-2.0.2-py2.py3-none-any.whl", hash = "sha256:86e9303b5e5c8160872b2f5ef611161b2893e9bfe8ccc7e2f76385947d57a2f1", size = 45164, upload-time = "2023-03-03T09:21:38.371Z" },
]

[[package]]
name = "certifi"
version = "2023.7.22"
source = { registry = "https://pypi.org/simple" }
sdist = { url = "https://files.pythonhosted.org/packages/98/98/c2ff18671db109c9f10ed27f5ef610ae05b73bd876664139cf95bd1429aa/certifi-2023.7.22.tar.gz", hash = "sha256:539cc1d13202e33ca466e88b2807e29f4c13049d6d87031a3c110744495cb082", size = 159517, upload-time = "2023-07-22T08:39:27.482Z" }
wheels = [
    { url = "https://files.pythonhosted.org/packages/4c/dd/2234eab22353ffc7d94e8d13177aaa050113286e93e7b40eae01fbf7c3d9/certifi-2023.7.22-py3-none-any.whl", hash = "sha256:92d6037539857d8206b8f6ae472e8b77db8058fec5937a1ef3f54304089edbb9", size = 158334, upload-time = "2023-07-22T08:39:25.345Z" },
]

[[package]]
name = "charset-normalizer"
version = "3.2.0"
source = { registry = "https://pypi.org/simple" }
sdist = { url = "https://files.pythonhosted.org/packages/2a/53/cf0a48de1bdcf6ff6e1c9a023f5f523dfe303e4024f216feac64b6eb7f67/charset-normalizer-3.2.0.tar.gz", hash = "sha256:3bb3d25a8e6c0aedd251753a79ae98a093c7e7b471faa3aa9a93a81431987ace", size = 97063, upload-time = "2023-07-07T20:19:09.586Z" }
wheels = [
    { url = "https://files.pythonhosted.org/packages/bf/a0/188f223c7d8b924fb9b554b9d27e0e7506fd5bf9cfb6dbacb2dfd5832b53/charset_normalizer-3.2.0-py3-none-any.whl", hash = "sha256:8e098148dd37b4ce3baca71fb394c81dc5d9c7728c95df695d2dca218edf40e6", size = 46668, upload-time = "2023-07-07T20:19:07.49Z" },
]

[[package]]
name = "colorama"
version = "0.4.6"
source = { registry = "https://pypi.org/simple" }
sdist = { url = "https://files.pythonhosted.org/packages/d8/53/6f443c9a4a8358a93a6792e2acffb9d9d5cb0a5cfd8802644b7b1c9a02e4/colorama-0.4.6.tar.gz", hash = "sha256:08695f5cb7ed6e0531a20572697297273c47b8cae5a63ffc6d6ed5c201be6e44", size = 27697, upload-time = "2022-10-25T02:36:22.414Z" }
wheels = [
    { url = "https://files.pythonhosted.org/packages/d1/d6/3965ed04c63042e047cb6a3e6ed1a63a35087b6a609aa3a15ed8ac56c221/colorama-0.4.6-py2.py3-none-any.whl", hash = "sha256:4f1d9991f5acc0ca119f9d443620b77f9d6b33703e51011c16baf57afb285fc6", size = 25335, upload-time = "2022-10-25T02:36:20.889Z" },
]

[[package]]
name = "crt-engine"
version = "0.1.0"
source = { virtual = "." }
dependencies = [
    { name = "altgraph" },
    { name = "autopep8" },
    { name = "certifi" },
    { name = "charset-normalizer" },
    { name = "decorator" },
    { name = "idna" },
    { name = "imageio" },
    { name = "imageio-ffmpeg" },
    { name = "numpy" },
    { name = "opencv-python" },
    { name = "pefile" },
    { name = "pillow" },
    { name = "proglog" },
    { name = "pycodestyle" },
    { name = "pygame" },
    { name = "pyinstaller" },
    { name = "pyinstaller-hooks-contrib" },
    { name = "pywin32-ctypes" },
    { name = "requests" },
    { name = "ruff" },
    { name = "tomli" },
    { name = "tqdm" },
    { name = "urllib3" },
]

[package.metadata]
requires-dist = [
    { name = "altgraph", specifier = "==0.17.3" },
    { name = "autopep8", specifier = "==2.0.2" },
    { name = "certifi", specifier = "==2023.7.22" },
    { name = "charset-normalizer", specifier = "==3.2.0" },
    { name = "decorator", specifier = "==4.4.2" },
    { name = "idna", specifier = "==3.4" },
    { name = "imageio", specifier = "==2.31.4" },
    { name = "imageio-ffmpeg", specifier = "==0.4.9" },
    { name = "numpy", specifier = "==1.26.0" },
    { name = "opencv-python", specifier = "==4.8.1.78" },
    { name = "pefile", specifier = "==2023.2.7" },
    { name = "pillow", specifier = "==10.0.1" },
    { name = "proglog", specifier = "==0.1.10" },
    { name = "pycodestyle", specifier = "==2.10.0" },
    { name = "pygame", specifier = "==2.6.0" },
    { name = "pyinstaller", specifier = "==5.8.0" },
    { name = "pyinstaller-hooks-contrib", specifier = "==2023.0" },
    { name = "pywin32-ctypes", specifier = "==0.2.0" },
    { name = "requests", specifier = "==2.31.0" },
    { name = "ruff", specifier = "==0.0.291" },
    { name = "tomli", specifier = "==2.0.1" },
    { name = "tqdm", specifier = "==4.66.1" },
    { name = "urllib3", specifier = "==2.0.5" },
]

[[package]]
name = "decorator"
version = "4.4.2"
source = { registry = "https://pypi.org/simple" }
sdist = { url = "https://files.pythonhosted.org/packages/da/93/84fa12f2dc341f8cf5f022ee09e109961055749df2d0c75c5f98746cfe6c/decorator-4.4.2.tar.gz", hash = "sha256:e3a62f0520172440ca0dcc823749319382e377f37f140a0b99ef45fecb84bfe7", size = 33629, upload-time = "2020-02-29T05:24:43.312Z" }
wheels = [
    { url = "https://files.pythonhosted.org/packages/ed/1b/72a1821152d07cf1d8b6fce298aeb06a7eb90f4d6d41acec9861e7cc6df0/decorator-4.4.2-py2.py3-none-any.whl", hash = "sha256:41fa54c2a0cc4ba648be4fd43cff00aedf5b9465c9bf18d64325bc225f08f760", size = 9239, upload-time = "2020-02-29T05:24:45.993Z" },
]

[[package]]
name = "idna"
version = "3.4"
source = { registry = "https://pypi.org/simple" }
sdist = { url = "https://files.pythonhosted.org/packages/8b/e1/43beb3d38dba6cb420cefa297822eac205a277ab43e5ba5d5c46faf96438/idna-3.4.tar.gz", hash = "sha256:814f528e8dead7d329833b91c5faa87d60bf71824cd12a7530b5526063d02cb4", size = 183077, upload-time = "2022-09-14T00:24:27.719Z" }
wheels = [
    { url = "https://files.pythonhosted.org/packages/fc/34/3030de6f1370931b9dbb4dad48f6ab1015ab1d32447850b9fc94e60097be/idna-3.4-py3-none-any.whl", hash = "sha256:90b77e79eaa3eba6de819a0c442c0b4ceefc341a7a2ab77d7562bf49f425c5c2", size = 61538, upload-time = "2022-09-14T00:24:23.22Z" },
]

[[package]]
name = "imageio"
version = "2.31.4"
source = { registry = "https://pypi.org/simple" }
dependencies = [
    { name = "numpy" },
    { name = "pillow" },
]
sdist = { url = "https://files.pythonhosted.org/packages/27/81/f95362771583fac6e0806c3a39cd6fb649043ec07d19ef03332438ff2f57/imageio-2.31.4.tar.gz", hash = "sha256:8c18323d0f9d1bfce672bd9dcb18e85aa398039431bc73f70bd8bfba23c005d1", size = 387075, upload-time = "2023-09-25T02:16:02.949Z" }
wheels = [
    { url = "https://files.pythonhosted.org/packages/1a/55/7a7646d7cc42e771d689d39930afcbe57b3d82267544ebabead57ffb86d1/imageio-2.31.4-py3-none-any.whl", hash = "sha256:9a39577b482b9c9533b95b436b45540dc32fdf2868ba912d723d3490594fae22", size = 313154, upload-time = "2023-09-25T02:16:00.436Z" },
]

[[package]]
name = "imageio-ffmpeg"
version = "0.4.9"
source = { registry = "https://pypi.org/simple" }
dependencies = [
    { name = "setuptools" },
]
sdist = { url = "https://files.pythonhosted.org/packages/28/c6/7f9990d8f9378bb4b8c60c08c2a1f565c44d9445c1f01fbbd5bed21379d9/imageio-ffmpeg-0.4.9.tar.gz", hash = "sha256:39bcd1660118ef360fa4047456501071364661aa9d9021d3d26c58f1ee2081f5", size = 17378, upload-time = "2023-09-12T10:02:39.256Z" }
wheels = [
    { url = "https://files.pythonhosted.org/packages/dc/95/9470ac4c10eb4265ba6eef2717b4758daec3ca0d5877eb40e9a5a3933bac/imageio_ffmpeg-0.4.9-py3-none-macosx_10_9_intel.macosx_10_9_x86_64.macosx_10_10_intel.macosx_10_10_x86_64.whl", hash = "sha256:24095e882a126a0d217197b86265f821b4bb3cf9004104f67c1384a2b4b49168", size = 22532573, upload-time = "2023-09-12T10:02:10.069Z" },
    { url = "https://files.pythonhosted.org/packages/1a/98/3df1d8dd8f2c121b6c588b1e0d604f36592d56df9c41fb155ed546c6a5ed/imageio_ffmpeg-0.4.9-py3-none-manylinux2010_x86_64.whl", hash = "sha256:2996c64af3e5489227096580269317719ea1a8121d207f2e28d6c24ebc4a253e", size = 26900041, upload-time = "2023-09-12T10:02:36.851Z" },
    { url = "https://files.pythonhosted.org/packages/95/ed/f39ca78db7230175a99a22799af2d589105227f5f5f52b65160492c6573f/imageio_ffmpeg-0.4.9-py3-none-manylinux2014_aarch64.whl", hash = "sha256:7eead662d2f46d748c0ab446b68f423eb63d2b54d0a8ef96f80607245540866d", size = 22880108, upload-time = "2023-09-12T10:02:17.01Z" },
    { url = "https://files.pythonhosted.org/packages/30/6f/413aac226d2d08d6fa40e712dd2fe7a9f362b9231852a57a3bf8c8e78015/imageio_ffmpeg-0.4.9-py3-none-win32.whl", hash = "sha256:b6de1e18911687c538d5585d8287ab1a23624ca9dc2044fcc4607de667bcf11e", size = 19651749, upload-time = "2023-09-12T10:02:29.908Z" },
    { url = "https://files.pythonhosted.org/packages/c6/01/716106099e48c4f419876d5814679a94dd7d6f441217c97c1b608123c6bb/imageio_ffmpeg-0.4.9-py3-none-win_amd64.whl", hash = "sha256:7e900c695c6541b1cb17feb1baacd4009b30a53a45b81c23d53a67ab13ffb766", size = 22619540, upload-time = "2023-09-12T10:02:23.577Z" },
]

[[package]]
name = "macholib"
version = "1.16.3"
source = { registry = "https://pypi.org/simple" }
dependencies = [
    { name = "altgraph", marker = "sys_platform == 'darwin'" },
]
sdist = { url = "https://files.pythonhosted.org/packages/95/ee/af1a3842bdd5902ce133bd246eb7ffd4375c38642aeb5dc0ae3a0329dfa2/macholib-1.16.3.tar.gz", hash = "sha256:07ae9e15e8e4cd9a788013d81f5908b3609aa76f9b1421bae9c4d7606ec86a30", size = 59309, upload-time = "2023-09-25T09:10:16.155Z" }
wheels = [
    { url = "https://files.pythonhosted.org/packages/d1/5d/c059c180c84f7962db0aeae7c3b9303ed1d73d76f2bfbc32bc231c8be314/macholib-1.16.3-py2.py3-none-any.whl", hash = "sha256:0e315d7583d38b8c77e815b1ecbdbf504a8258d8b3e17b61165c6feb60d18f2c", size = 38094, upload-time = "2023-09-25T09:10:14.188Z" },
]

[[package]]
name = "numpy"
version = "1.26.0"
source = { registry = "https://pypi.org/simple" }
sdist = { url = "https://files.pythonhosted.org/packages/55/b3/b13bce39ba82b7398c06d10446f5ffd5c07db39b09bd37370dc720c7951c/numpy-1.26.0.tar.gz", hash = "sha256:f93fc78fe8bf15afe2b8d6b6499f1c73953169fad1e9a8dd086cdff3190e7fdf", size = 15633455, upload-time = "2023-09-16T20:12:58.065Z" }
wheels = [
    { url = "https://files.pythonhosted.org/packages/e9/83/f8a62f08d38d831a2980427ffc465a4207fe600124b00cfb0ef8265594a7/numpy-1.26.0-cp312-cp312-macosx_10_9_x86_64.whl", hash = "sha256:166b36197e9debc4e384e9c652ba60c0bacc216d0fc89e78f973a9760b503388", size = 20325091, upload-time = "2023-09-16T20:04:44.267Z" },
    { url = "https://files.pythonhosted.org/packages/7a/72/6d1cbdf0d770016bc9485f9ef02e73d5cb4cf3c726f8e120b860a403d307/numpy-1.26.0-cp312-cp312-macosx_11_0_arm64.whl", hash = "sha256:f042f66d0b4ae6d48e70e28d487376204d3cbf43b84c03bac57e28dac6151581", size = 13672867, upload-time = "2023-09-16T20:05:05.591Z" },
    { url = "https://files.pythonhosted.org/packages/2f/70/c071b2347e339f572f5aa61f649b70167e5dd218e3da3dc600c9b08154b9/numpy-1.26.0-cp312-cp312-manylinux_2_17_aarch64.manylinux2014_aarch64.whl", hash = "sha256:e5e18e5b14a7560d8acf1c596688f4dfd19b4f2945b245a71e5af4ddb7422feb", size = 13872627, upload-time = "2023-09-16T20:05:28.488Z" },
    { url = "https://files.pythonhosted.org/packages/e3/e2/4ecfbc4a2e3f9d227b008c92a5d1f0370190a639b24fec3b226841eaaf19/numpy-1.26.0-cp312-cp312-manylinux_2_17_x86_64.manylinux2014_x86_64.whl", hash = "sha256:7f6bad22a791226d0a5c7c27a80a20e11cfe09ad5ef9084d4d3fc4a299cca505", size = 17883864, upload-time = "2023-09-16T20:05:55.622Z" },
    { url = "https://files.pythonhosted.org/packages/45/08/025bb65dbe19749f1a67a80655670941982e5d0144a4e588ebbdbcfe7983/numpy-1.26.0-cp312-cp312-musllinux_1_1_x86_64.whl", hash = "sha256:4acc65dd65da28060e206c8f27a573455ed724e6179941edb19f97e58161bb69", size = 17721550, upload-time = "2023-09-16T20:06:23.505Z" },
    { url = "https://files.pythonhosted.org/packages/98/66/f0a846751044d0b6db5156fb6304d0336861ed055c21053a0f447103939c/numpy-1.26.0-cp312-cp312-win32.whl", hash = "sha256:bb0d9a1aaf5f1cb7967320e80690a1d7ff69f1d47ebc5a9bea013e3a21faec95", size = 19951520, upload-time = "2023-09-16T20:06:53.976Z" },
    { url = "https://files.pythonhosted.org/packages/98/d7/1cc7a11118408ad21a5379ff2a4e0b0e27504c68ef6e808ebaa90ee95902/numpy-1.26.0-cp312-cp312-win_amd64.whl", hash = "sha256:ee84ca3c58fe48b8ddafdeb1db87388dce2c3c3f701bf447b05e4cfcc3679112", size = 15504471, upload-time = "2023-09-16T20:07:22.222Z" },
]

[[package]]
name = "opencv-python"
version = "4.8.1.78"
source = { registry = "https://pypi.org/simple" }
dependencies = [
    { name = "numpy" },
]
sdist = { url = "https://files.pythonhosted.org/packages/c0/52/9fe76a56e01078a612812b40764a7b138f528b503f7653996c6cfadfa8ec/opencv-python-4.8.1.78.tar.gz", hash = "sha256:cc7adbbcd1112877a39274106cb2752e04984bc01a031162952e97450d6117f6", size = 92094255, upload-time = "2023-09-28T11:10:40.539Z" }
wheels = [
    { url = "https://files.pythonhosted.org/packages/05/58/7ee92b21cb98689cbe28c69e3cf8ee51f261bfb6bc904ae578736d22d2e7/opencv_python-4.8.1.78-cp37-abi3-macosx_10_16_x86_64.whl", hash = "sha256:91d5f6f5209dc2635d496f6b8ca6573ecdad051a09e6b5de4c399b8e673c60da", size = 54739488, upload-time = "2023-09-28T11:00:22.939Z" },
    { url = "https://files.pythonhosted.org/packages/a1/f6/57de91ea40c670527cd47a6548bf2cbedc68cec57c041793b256356abad7/opencv_python-4.8.1.78-cp37-abi3-macosx_11_0_arm64.whl", hash = "sha256:bc31f47e05447da8b3089faa0a07ffe80e114c91ce0b171e6424f9badbd1c5cd", size = 33127231, upload-time = "2023-09-28T11:00:31.878Z" },
    { url = "https://files.pythonhosted.org/packages/c7/a5/dd3735d08c1afc2e801f564f6602392cd86cf59bcb5a6712582ad0610a22/opencv_python-4.8.1.78-cp37-abi3-manylinux_2_17_aarch64.manylinux2014_aarch64.whl", hash = "sha256:9814beca408d3a0eca1bae7e3e5be68b07c17ecceb392b94170881216e09b319", size = 41016265, upload-time = "2023-09-28T11:00:39.652Z" },
    { url = "https://files.pythonhosted.org/packages/b7/8a/b2f7e1a434d56bf1d7570fc5941ace0847404e1032d7f1f0b8fed896568d/opencv_python-4.8.1.78-cp37-abi3-manylinux_2_17_x86_64.manylinux2014_x86_64.whl", hash = "sha256:c4c406bdb41eb21ea51b4e90dfbc989c002786c3f601c236a99c59a54670a394", size = 61712178, upload-time = "2023-09-28T11:00:49.714Z" },
    { url = "https://files.pythonhosted.org/packages/13/92/6f3194559d4e2a17826240f2466076728f4c92a2d124a32bfd51ca070019/opencv_python-4.8.1.78-cp37-abi3-win32.whl", hash = "sha256:a7aac3900fbacf55b551e7b53626c3dad4c71ce85643645c43e91fcb19045e47", size = 28281329, upload-time = "2023-09-28T11:00:57.464Z" },
    { url = "https://files.pythonhosted.org/packages/38/d2/3e8c13ffc37ca5ebc6f382b242b44acb43eb489042e1728407ac3904e72f/opencv_python-4.8.1.78-cp37-abi3-win_amd64.whl", hash = "sha256:b983197f97cfa6fcb74e1da1802c7497a6f94ed561aba6980f1f33123f904956", size = 38065100, upload-time = "2023-09-28T11:01:04.856Z" },
]

[[package]]
name = "pefile"
version = "2023.2.7"
source = { registry = "https://pypi.org/simple" }
sdist = { url = "https://files.pythonhosted.org/packages/78/c5/3b3c62223f72e2360737fd2a57c30e5b2adecd85e70276879609a7403334/pefile-2023.2.7.tar.gz", hash = "sha256:82e6114004b3d6911c77c3953e3838654b04511b8b66e8583db70c65998017dc", size = 74854, upload-time = "2023-02-07T12:23:55.958Z" }
wheels = [
    { url = "https://files.pythonhosted.org/packages/55/26/d0ad8b448476d0a1e8d3ea5622dc77b916db84c6aa3cb1e1c0965af948fc/pefile-2023.2.7-py3-none-any.whl", hash = "sha256:da185cd2af68c08a6cd4481f7325ed600a88f6a813bad9dea07ab3ef73d8d8d6", size = 71791, upload-time = "2023-02-07T12:28:36.678Z" },
]

[[package]]
name = "pillow"
version = "10.0.1"
source = { registry = "https://pypi.org/simple" }
sdist = { url = "https://files.pythonhosted.org/packages/64/9e/7e638579cce7dc346632f020914141a164a872be813481f058883ee8d421/Pillow-10.0.1.tar.gz", hash = "sha256:d72967b06be9300fed5cfbc8b5bafceec48bf7cdc7dab66b1d2549035287191d", size = 50528551, upload-time = "2023-09-15T14:00:45.533Z" }
wheels = [
    { url = "https://files.pythonhosted.org/packages/a1/aa/16d01cc6c4de2b8a48b3ef14fc3a5a89b43b9b60cd7aef8407c3cbee8dcd/Pillow-10.0.1-cp312-cp312-macosx_10_10_x86_64.whl", hash = "sha256:bcf1207e2f2385a576832af02702de104be71301c2696d0012b1b93fe34aaa5b", size = 3729828, upload-time = "2023-09-15T13:58:05.699Z" },
    { url = "https://files.pythonhosted.org/packages/5c/72/6d0a22c3f499e966f8b6b89842dfb915fb9449d0c9aa2b4e336259a7f00c/Pillow-10.0.1-cp312-cp312-macosx_11_0_arm64.whl", hash = "sha256:5d6c9049c6274c1bb565021367431ad04481ebb54872edecfcd6088d27edd6ed", size = 3280585, upload-time = "2023-09-15T13:58:08.799Z" },
    { url = "https://files.pythonhosted.org/packages/54/4f/f38b5ca4a6bf209f32598796ef75b72afac3b9ee934898279d0a1ab39439/Pillow-10.0.1-cp312-cp312-manylinux_2_17_aarch64.manylinux2014_aarch64.whl", hash = "sha256:28444cb6ad49726127d6b340217f0627abc8732f1194fd5352dec5e6a0105635", size = 3411566, upload-time = "2023-09-15T13:58:12.49Z" },
    { url = "https://files.pythonhosted.org/packages/7e/ea/45eb6c6d184183f560b26c5bd42c0601bf4b3c093762fdb3fd1c89769d23/Pillow-10.0.1-cp312-cp312-manylinux_2_17_x86_64.manylinux2014_x86_64.whl", hash = "sha256:de596695a75496deb3b499c8c4f8e60376e0516e1a774e7bc046f0f48cd620ad", size = 3487109, upload-time = "2023-09-15T13:58:16.211Z" },
    { url = "https://files.pythonhosted.org/packages/ed/eb/fa2b371469b6301e1241472a34ede5f98ebdd256e99f88ba05bc1b0db888/Pillow-10.0.1-cp312-cp312-manylinux_2_28_aarch64.whl", hash = "sha256:2872f2d7846cf39b3dbff64bc1104cc48c76145854256451d33c5faa55c04d1a", size = 3462905, upload-time = "2023-09-15T13:58:19.673Z" },
    { url = "https://files.pythonhosted.org/packages/0c/ce/3cceae2fab54118a5fcdfd9a2ddd0167c21169446c05378c5dc10b0d5093/Pillow-10.0.1-cp312-cp312-manylinux_2_28_x86_64.whl", hash = "sha256:4ce90f8a24e1c15465048959f1e94309dfef93af272633e8f37361b824532e91", size = 3608054, upload-time = "2023-09-15T13:58:23.745Z" },
    { url = "https://files.pythonhosted.org/packages/26/d3/7a8e0c9c8dbef3354a45ab9164c26fc47a2884bbcec9bcc8504a7e0c7825/Pillow-10.0.1-cp312-cp312-musllinux_1_1_aarch64.whl", hash = "sha256:ee7810cf7c83fa227ba9125de6084e5e8b08c59038a7b2c9045ef4dde61663b4", size = 3549376, upload-time = "2023-09-15T13:58:27.338Z" },
    { url = "https://files.pythonhosted.org/packages/2e/af/22305136707228776a5500d539ff6e0d7d0d2490ce8ef6905bd45e15e54b/Pillow-10.0.1-cp312-cp312-musllinux_1_1_x86_64.whl", hash = "sha256:b1be1c872b9b5fcc229adeadbeb51422a9633abd847c0ff87dc4ef9bb184ae08", size = 3588197, upload-time = "2023-09-15T13:58:31.282Z" },
    { url = "https://files.pythonhosted.org/packages/00/00/d42abea0b4a415ea1e0975c981f95f354de1280d7e7bef3882bf1464b795/Pillow-10.0.1-cp312-cp312-win_amd64.whl", hash = "sha256:98533fd7fa764e5f85eebe56c8e4094db912ccbe6fbf3a58778d543cadd0db08", size = 2514032, upload-time = "2023-09-15T13:58:34.515Z" },
]

[[package]]
name = "proglog"
version = "0.1.10"
source = { registry = "https://pypi.org/simple" }
dependencies = [
    { name = "tqdm" },
]
sdist = { url = "https://files.pythonhosted.org/packages/bd/b9/1cfff8f6a797ea99bf7ffc8c5fd811c135837948fd90f3ea86fd5166ee4f/proglog-0.1.10.tar.gz", hash = "sha256:658c28c9c82e4caeb2f25f488fff9ceace22f8d69b15d0c1c86d64275e4ddab4", size = 11088, upload-time = "2022-05-05T15:31:48.563Z" }
wheels = [
    { url = "https://files.pythonhosted.org/packages/8b/f5/cab5cf6a540c31f5099043de0ae43990fd9cf66f75ecb5e9f254a4e4d4ee/proglog-0.1.10-py3-none-any.whl", hash = "sha256:19d5da037e8c813da480b741e3fa71fb1ac0a5b02bf21c41577c7f327485ec50", size = 6114, upload-time = "2022-05-05T15:31:46.674Z" },
]

[[package]]
name = "pycodestyle"
version = "2.10.0"
source = { registry = "https://pypi.org/simple" }
sdist = { url = "https://files.pythonhosted.org/packages/06/6b/5ca0d12ef7dcf7d20dfa35287d02297f3e0f9e515da5183654c03a9636ce/pycodestyle-2.10.0.tar.gz", hash = "sha256:347187bdb476329d98f695c213d7295a846d1152ff4fe9bacb8a9590b8ee7053", size = 101916, upload-time = "2022-11-23T18:27:28.377Z" }
wheels = [
    { url = "https://files.pythonhosted.org/packages/a2/54/001fdc0d69e8d0bb86c3423a6fa6dfada8cc26317c2635ab543e9ac411bd/pycodestyle-2.10.0-py2.py3-none-any.whl", hash = "sha256:8a4eaf0d0495c7395bdab3589ac2db602797d76207242c17d470186815706610", size = 41276, upload-time = "2022-11-23T18:27:26.474Z" },
]

[[package]]
name = "pygame"
version = "2.6.0"
source = { registry = "https://pypi.org/simple" }
sdist = { url = "https://files.pythonhosted.org/packages/72/49/bd2fcbadb6a55bb24284bad4f530189401c99ffc234d51ba54756a776eb2/pygame-2.6.0.tar.gz", hash = "sha256:722d33ae676aa8533c1f955eded966411298831346b8d51a77dad22e46ba3e35", size = 15787643, upload-time = "2024-06-25T13:57:23.771Z" }
wheels = [
    { url = "https://files.pythonhosted.org/packages/37/15/c6c2d48615927ed44b1f4f4b5a26a9e47522946b68438be7177c3471fc64/pygame-2.6.0-cp312-cp312-macosx_10_9_x86_64.whl", hash = "sha256:b834711ebc8b9d0c2a5f9bfae4403dd277b2c61bcb689e1aa630d01a1ebcf40a", size = 13117982, upload-time = "2024-06-25T13:34:11.428Z" },
    { url = "https://files.pythonhosted.org/packages/86/bc/70cc481a735b24a02b13256c0de618c6908dcd3561df518abe6f3c0ad24e/pygame-2.6.0-cp312-cp312-macosx_11_0_arm64.whl", hash = "sha256:b5ac288655e8a31a303cc286e79cc57979ed2ba19c3a14042d4b6391c1d3bed2", size = 12383981, upload-time = "2024-06-25T13:34:14.781Z" },
    { url = "https://files.pythonhosted.org/packages/bd/de/d18d0476dd35c6238cfe66516629ef634976fe0ac9525fa45282f774e219/pygame-2.6.0-cp312-cp312-manylinux_2_17_aarch64.manylinux2014_aarch64.whl", hash = "sha256:d666667b7826b0a7921b8ce0a282ba5281dfa106976c1a3b24e32a0af65ad3b1", size = 13587441, upload-time = "2024-06-25T13:22:56.313Z" },
    { url = "https://files.pythonhosted.org/packages/e8/1f/d3d6dab1956a7a23cef23900a2cae2c738d4662f04cdc90d12235955a575/pygame-2.6.0-cp312-cp312-manylinux_2_17_i686.manylinux2014_i686.whl", hash = "sha256:fd8848a37a7cee37854c7efb8d451334477c9f8ce7ac339c079e724dc1334a76", size = 14280884, upload-time = "2024-06-26T06:02:49.31Z" },
    { url = "https://files.pythonhosted.org/packages/70/da/5c71f05e2d76e0d28153a2d8a52f324908849bf02d70958e5b403ca3ab73/pygame-2.6.0-cp312-cp312-manylinux_2_17_x86_64.manylinux2014_x86_64.whl", hash = "sha256:315e7b3c1c573984f549ac5da9778ac4709b3b4e3a4061050d94eab63fa4fe31", size = 13956091, upload-time = "2024-06-26T06:02:52.09Z" },
    { url = "https://files.pythonhosted.org/packages/2a/16/ec73fd2350df6620f3471c1a7df06bcd392d7ad99823cabe5b82d54b7df8/pygame-2.6.0-cp312-cp312-win32.whl", hash = "sha256:e44bde0840cc21a91c9d368846ac538d106cf0668be1a6030f48df139609d1e8", size = 10383625, upload-time = "2024-06-25T12:49:45.467Z" },
    { url = "https://files.pythonhosted.org/packages/c2/a2/7a4e02e5833e7391ca4e4e08bdda0bdab6672d8ce3ddee433d50297135ec/pygame-2.6.0-cp312-cp312-win_amd64.whl", hash = "sha256:1c429824b1f881a7a5ce3b5c2014d3d182aa45a22cea33c8347a3971a5446907", size = 10754182, upload-time = "2024-06-25T13:27:11.047Z" },
]

[[package]]
name = "pyinstaller"
version = "5.8.0"
source = { registry = "https://pypi.org/simple" }
dependencies = [
    { name = "altgraph" },
    { name = "macholib", marker = "sys_platform == 'darwin'" },
    { name = "pefile", marker = "sys_platform == 'win32'" },
    { name = "pyinstaller-hooks-contrib" },
    { name = "pywin32-ctypes", marker = "sys_platform == 'win32'" },
    { name = "setuptools" },
]
sdist = { url = "https://files.pythonhosted.org/packages/63/20/cfb61921d7db3e8473440091ac99ae900357f26197502ab7ec9ff6473ca5/pyinstaller-5.8.0.tar.gz", hash = "sha256:314fb883caf3cbf06adbea2b77671bb73c3481568e994af0467ea7e47eb64755", size = 2369800, upload-time = "2023-02-11T15:03:18.889Z" }
wheels = [
    { url = "https://files.pythonhosted.org/packages/64/74/bc3dd35e79f4ff6f1787196a019bd20c4c7b87a9499374fedb1f35c61134/pyinstaller-5.8.0-py3-none-macosx_10_13_universal2.whl", hash = "sha256:502a2166165a8e8c3d99c19272e923d2548bac2132424d78910ef9dd8bb11705", size = 925181, upload-time = "2023-02-11T15:02:22.082Z" },
    { url = "https://files.pythonhosted.org/packages/e6/61/8326349c6c5af8af8ed7f811284adf87c251d685b71eb268d17457a37166/pyinstaller-5.8.0-py3-none-manylinux2014_aarch64.whl", hash = "sha256:bf1f7b7e88b467d7aefcdb2bc9cbd2e856ca88c5ab232c0efe0848f146d3bd5f", size = 653240, upload-time = "2023-02-11T15:02:26.719Z" },
    { url = "https://files.pythonhosted.org/packages/dc/b0/92a20d7e0ff068b295f9a369d7bbb0f1c5f87b72bb60587d5baa9d5ac93e/pyinstaller-5.8.0-py3-none-manylinux2014_i686.whl", hash = "sha256:a62ee598b137202ef2e99d8dbaee6bc7379a6565c3ddf0331decb41b98eff1a2", size = 654891, upload-time = "2023-02-11T15:02:30.982Z" },
    { url = "https://files.pythonhosted.org/packages/11/da/33468658cb4d0a959d0bec1664b1f7f448aa8ccbc5026655f2cd809d43dd/pyinstaller-5.8.0-py3-none-manylinux2014_ppc64le.whl", hash = "sha256:e68bcadf32edc1171ccb06117699a6a4f8e924b7c2c8812cfa00fd0186ade4ee", size = 658534, upload-time = "2023-02-11T15:02:34.598Z" },
    { url = "https://files.pythonhosted.org/packages/58/d2/c7cdb929fa64a19a549bcca0a60118f4ccb3de28e32fc59dfb08c9aa769f/pyinstaller-5.8.0-py3-none-manylinux2014_s390x.whl", hash = "sha256:ded780f0d3642d7bfc21d97b98d4ec4b41d2fe70c3f5c5d243868612f536e011", size = 651117, upload-time = "2023-02-11T15:02:38.88Z" },
    { url = "https://files.pythonhosted.org/packages/f4/3f/82a27d1b1effafdf6d4cf324e1c41ea139a27a372ad0ab685baaa353ab03/pyinstaller-5.8.0-py3-none-manylinux2014_x86_64.whl", hash = "sha256:f9361eff44c7108c2312f39d85ed768c4ada7e0aa729046bbcef3ef3c1577d18", size = 651050, upload-time = "2023-02-11T15:02:43.049Z" },
    { url = "https://files.pythonhosted.org/packages/08/e9/5deec9b1a3f0a0ee6936f5a05e31495f5b8b054d60e272799c6cdc25885f/pyinstaller-5.8.0-py3-none-musllinux_1_1_aarch64.whl", hash = "sha256:5c9632a20faecd6d79f0124afb31e6557414d19be271e572765b474f860f8d76", size = 654815, upload-time = "2023-02-11T15:02:47.217Z" },
    { url = "https://files.pythonhosted.org/packages/c5/09/13a25d8f1afe6e85c89d3f4a5d1f4edfdf53b2f7e547d12932e57322d8c7/pyinstaller-5.8.0-py3-none-musllinux_1_1_x86_64.whl", hash = "sha256:8d004699c5d71c704c14a5f81eec233faa4f87a3bf0ae68e222b87d63f5dd17e", size = 651593, upload-time = "2023-02-11T15:02:51.243Z" },
    { url = "https://files.pythonhosted.org/packages/c3/1e/d6bb9799a785419199665b34d5d3591a20778d42e9df1faba62923064d0d/pyinstaller-5.8.0-py3-none-win32.whl", hash = "sha256:3b74f50a57b1413047042e47033480b7324b091f23dff790a4494af32b377d94", size = 1207088, upload-time = "2023-02-11T15:02:56.858Z" },
    { url = "https://files.pythonhosted.org/packages/dc/d9/6d76544c4d554cdabc58e11a28b88a9767b1a57399c460342eff2ad0aeab/pyinstaller-5.8.0-py3-none-win_amd64.whl", hash = "sha256:4f4d818588e2d8de4bf24ed018056c3de0c95898ad25719e12d68626161b4933", size = 1264998, upload-time = "2023-02-11T15:03:03.174Z" },
    { url = "https://files.pythonhosted.org/packages/ca/9d/956ff5f679f4e99a8817162fc323d65c4027d411c99d31872eea55289262/pyinstaller-5.8.0-py3-none-win_arm64.whl", hash = "sha256:bacf236b5c2f8f674723a39daca399646dceb470881f842f52e393b9a67ff2f8", size = 1199256, upload-time = "2023-02-11T15:03:08.809Z" },
]

[[package]]
name = "pyinstaller-hooks-contrib"
version = "2023.0"
source = { registry = "https://pypi.org/simple" }
sdist = { url = "https://files.pythonhosted.org/packages/6b/74/1d010b2f86db7dd4622a52a69f53c7cdfe60564def3cfcfb9fb1f141406d/pyinstaller-hooks-contrib-2023.0.tar.gz", hash = "sha256:bd578781cd6a33ef713584bf3726f7cd60a3e656ec08a6cc7971e39990808cc0", size = 95399, upload-time = "2023-02-13T19:50:15.66Z" }
wheels = [
    { url = "https://files.pythonhosted.org/packages/4d/d5/9c71e599b681aff484b6dc83fb93878ba94dff4a8c098a0571af1c569084/pyinstaller_hooks_contrib-2023.0-py2.py3-none-any.whl", hash = "sha256:29d052eb73e0ab8f137f11df8e73d464c1c6d4c3044d9dc8df2af44639d8bfbf", size = 255736, upload-time = "2023-02-13T19:50:13.886Z" },
]

[[package]]
name = "pywin32-ctypes"
version = "0.2.0"
source = { registry = "https://pypi.org/simple" }
sdist = { url = "https://files.pythonhosted.org/packages/7a/7d/0dbc4c99379452a819b0fb075a0ffbb98611df6b6d59f54db67367af5bc0/pywin32-ctypes-0.2.0.tar.gz", hash = "sha256:24ffc3b341d457d48e8922352130cf2644024a4ff09762a2261fd34c36ee5942", size = 25595, upload-time = "2018-08-17T12:34:55.844Z" }
wheels = [
    { url = "https://files.pythonhosted.org/packages/9e/4b/3ab2720f1fa4b4bc924ef1932b842edf10007e4547ea8157b0b9fc78599a/pywin32_ctypes-0.2.0-py2.py3-none-any.whl", hash = "sha256:9dc2d991b3479cc2df15930958b674a48a227d5361d413827a4cfd0b5876fc98", size = 28532, upload-time = "2018-08-17T12:34:54.464Z" },
]

[[package]]
name = "requests"
version = "2.31.0"
source = { registry = "https://pypi.org/simple" }
dependencies = [
    { name = "certifi" },
    { name = "charset-normalizer" },
    { name = "idna" },
    { name = "urllib3" },
]
sdist = { url = "https://files.pythonhosted.org/packages/9d/be/10918a2eac4ae9f02f6cfe6414b7a155ccd8f7f9d4380d62fd5b955065c3/requests-2.31.0.tar.gz", hash = "sha256:942c5a758f98d790eaed1a29cb6eefc7ffb0d1cf7af05c3d2791656dbd6ad1e1", size = 110794, upload-time = "2023-05-22T15:12:44.175Z" }
wheels = [
    { url = "https://files.pythonhosted.org/packages/70/8e/0e2d847013cb52cd35b38c009bb167a1a26b2ce6cd6965bf26b47bc0bf44/requests-2.31.0-py3-none-any.whl", hash = "sha256:58cd2187c01e70e6e26505bca751777aa9f2ee0b7f4300988b709f44e013003f", size = 62574, upload-time = "2023-05-22T15:12:42.313Z" },
]

[[package]]
name = "ruff"
version = "0.0.291"
source = { registry = "https://pypi.org/simple" }
sdist = { url = "https://files.pythonhosted.org/packages/8e/95/85b2eb58942f044b5334d414aee5be51d54f1605f940e1c3703c68d2fc9f/ruff-0.0.291.tar.gz", hash = "sha256:c61109661dde9db73469d14a82b42a88c7164f731e6a3b0042e71394c1c7ceed", size = 1591799, upload-time = "2023-09-22T17:57:13.049Z" }
wheels = [
    { url = "https://files.pythonhosted.org/packages/7a/8c/702467bfcdc4fc0a8d553f4ee0f87f91e967b7283c628f02610e12e08de7/ruff-0.0.291-py3-none-macosx_10_7_x86_64.whl", hash = "sha256:b97d0d7c136a85badbc7fd8397fdbb336e9409b01c07027622f28dcd7db366f2", size = 6001144, upload-time = "2023-09-22T17:56:30.665Z" },
    { url = "https://files.pythonhosted.org/packages/85/8b/e06fc87918fd2eabb801f4ed5ec6d97cb33c1b8aa34e854481ed3f764131/ruff-0.0.291-py3-none-macosx_10_9_x86_64.macosx_11_0_arm64.macosx_10_9_universal2.whl", hash = "sha256:6ab44ea607967171e18aa5c80335237be12f3a1523375fa0cede83c5cf77feb4", size = 11579846, upload-time = "2023-09-22T17:56:33.855Z" },
    { url = "https://files.pythonhosted.org/packages/6f/44/87c77137a23c867970dc42c12e9e695a5765cf72d97cf1eed261f50dff66/ruff-0.0.291-py3-none-manylinux_2_17_aarch64.manylinux2014_aarch64.whl", hash = "sha256:a04b384f2d36f00d5fb55313d52a7d66236531195ef08157a09c4728090f2ef0", size = 5877519, upload-time = "2023-09-22T17:56:36.693Z" },
    { url = "https://files.pythonhosted.org/packages/9e/a5/c156efe5c0ae3843c760b837013691f4640b1861d070b01c384a59ecc02e/ruff-0.0.291-py3-none-manylinux_2_17_armv7l.manylinux2014_armv7l.whl", hash = "sha256:b727c219b43f903875b7503a76c86237a00d1a39579bb3e21ce027eec9534051", size = 5547039, upload-time = "2023-09-22T17:56:39.124Z" },
    { url = "https://files.pythonhosted.org/packages/47/00/a41fadb19b0f73ef50fa0a89a6c74427d9b54a577aed98bd2dd74af7989b/ruff-0.0.291-py3-none-manylinux_2_17_i686.manylinux2014_i686.whl", hash = "sha256:87671e33175ae949702774071b35ed4937da06f11851af75cd087e1b5a488ac4", size = 6040054, upload-time = "2023-09-22T17:56:41.728Z" },
    { url = "https://files.pythonhosted.org/packages/10/5f/c049e57e55c956508285294fa7afb0945ef19c5c12f1f247f916b6fa6b06/ruff-0.0.291-py3-none-manylinux_2_17_ppc64.manylinux2014_ppc64.whl", hash = "sha256:b75f5801547f79b7541d72a211949754c21dc0705c70eddf7f21c88a64de8b97", size = 6664497, upload-time = "2023-09-22T17:56:44.423Z" },
    { url = "https://files.pythonhosted.org/packages/d3/b7/d11d5205fe3c12126dd044f6649ff436d026f4efa594abdb92a7c773ec01/ruff-0.0.291-py3-none-manylinux_2_17_ppc64le.manylinux2014_ppc64le.whl", hash = "sha256:b09b94efdcd162fe32b472b2dd5bf1c969fcc15b8ff52f478b048f41d4590e09", size = 6552731, upload-time = "2023-09-22T17:56:46.399Z" },
    { url = "https://files.pythonhosted.org/packages/dc/bc/bd6b34dc2b83c52b2d4af632441bacaab7f0025883056b15f461b2047508/ruff-0.0.291-py3-none-manylinux_2_17_s390x.manylinux2014_s390x.whl", hash = "sha256:8d5b56bc3a2f83a7a1d7f4447c54d8d3db52021f726fdd55d549ca87bca5d747", size = 7583819, upload-time = "2023-09-22T17:56:49.307Z" },
    { url = "https://files.pythonhosted.org/packages/40/27/6460dca11b54bdd0a1bcfc81df80449cf732e8944b0b0913fad8fbe95c7c/ruff-0.0.291-py3-none-manylinux_2_17_x86_64.manylinux2014_x86_64.whl", hash = "sha256:13f0d88e5f367b2dc8c7d90a8afdcfff9dd7d174e324fd3ed8e0b5cb5dc9b7f6", size = 6244368, upload-time = "2023-09-22T17:56:52.111Z" },
    { url = "https://files.pythonhosted.org/packages/f2/52/4aeb88faea070c2de7a313ef760511d64509be94894c7ece4af1684ce69d/ruff-0.0.291-py3-none-musllinux_1_2_aarch64.whl", hash = "sha256:b3eeee1b1a45a247758ecdc3ab26c307336d157aafc61edb98b825cadb153df3", size = 5822596, upload-time = "2023-09-22T17:56:54.703Z" },
    { url = "https://files.pythonhosted.org/packages/2a/49/f0ab19d7be0057f6de80a75f14607fb2bb5abae2b6a1d104e05a8a4301cf/ruff-0.0.291-py3-none-musllinux_1_2_armv7l.whl", hash = "sha256:6c06006350c3bb689765d71f810128c9cdf4a1121fd01afc655c87bab4fb4f83", size = 5553901, upload-time = "2023-09-22T17:56:57.508Z" },
    { url = "https://files.pythonhosted.org/packages/c9/03/9e47a9555f48d3394aba31a5fe33e6554f1d997be49c0aa80107508f3362/ruff-0.0.291-py3-none-musllinux_1_2_i686.whl", hash = "sha256:fd17220611047de247b635596e3174f3d7f2becf63bd56301fc758778df9b629", size = 5895229, upload-time = "2023-09-22T17:56:59.487Z" },
    { url = "https://files.pythonhosted.org/packages/15/a3/73c83556ddbd72b6d8015f627a12d08c0385e94cd86dc5897b719467f7f9/ruff-0.0.291-py3-none-musllinux_1_2_x86_64.whl", hash = "sha256:5383ba67ad360caf6060d09012f1fb2ab8bd605ab766d10ca4427a28ab106e0b", size = 6308337, upload-time = "2023-09-22T17:57:02.673Z" },
    { url = "https://files.pythonhosted.org/packages/b5/8a/beb30a34d030559fe3187465e4958cc54be648dbe2b77767fd10cf6bade4/ruff-0.0.291-py3-none-win32.whl", hash = "sha256:1d5f0616ae4cdc7a938b493b6a1a71c8a47d0300c0d65f6e41c281c2f7490ad3", size = 5742198, upload-time = "2023-09-22T17:57:05.379Z" },
    { url = "https://files.pythonhosted.org/packages/e0/19/922970606c09cbb4ddda693ca3f098fa1fa3b7f8ce24ec684602c93c6320/ruff-0.0.291-py3-none-win_amd64.whl", hash = "sha256:8a69bfbde72db8ca1c43ee3570f59daad155196c3fbe357047cd9b77de65f15b", size = 6100771, upload-time = "2023-09-22T17:57:08.254Z" },
    { url = "https://files.pythonhosted.org/packages/8e/79/64bf9d52530bc321f49bc77d933730aaffaabdba284a24eb572193b07b81/ruff-0.0.291-py3-none-win_arm64.whl", hash = "sha256:d867384a4615b7f30b223a849b52104214442b5ba79b473d7edd18da3cde22d6", size = 5882629, upload-time = "2023-09-22T17:57:10.414Z" },
]

[[package]]
name = "setuptools"
version = "80.9.0"
source = { registry = "https://pypi.org/simple" }
sdist = { url = "https://files.pythonhosted.org/packages/18/5d/3bf57dcd21979b887f014ea83c24ae194cfcd12b9e0fda66b957c69d1fca/setuptools-80.9.0.tar.gz", hash = "sha256:f36b47402ecde768dbfafc46e8e4207b4360c654f1f3bb84475f0a28628fb19c", size = 1319958, upload-time = "2025-05-27T00:56:51.443Z" }
wheels = [
    { url = "https://files.pythonhosted.org/packages/a3/dc/17031897dae0efacfea57dfd3a82fdd2a2aeb58e0ff71b77b87e44edc772/setuptools-80.9.0-py3-none-any.whl", hash = "sha256:062d34222ad13e0cc312a4c02d73f059e86a4acbfbdea8f8f76b28c99f306922", size = 1201486, upload-time = "2025-05-27T00:56:49.664Z" },
]

[[package]]
name = "tomli"
version = "2.0.1"
source = { registry = "https://pypi.org/simple" }
sdist = { url = "https://files.pythonhosted.org/packages/c0/3f/d7af728f075fb08564c5949a9c95e44352e23dee646869fa104a3b2060a3/tomli-2.0.1.tar.gz", hash = "sha256:de526c12914f0c550d15924c62d72abc48d6fe7364aa87328337a31007fe8a4f", size = 15164, upload-time = "2022-02-08T10:54:04.006Z" }
wheels = [
    { url = "https://files.pythonhosted.org/packages/97/75/10a9ebee3fd790d20926a90a2547f0bf78f371b2f13aa822c759680ca7b9/tomli-2.0.1-py3-none-any.whl", hash = "sha256:939de3e7a6161af0c887ef91b7d41a53e7c5a1ca976325f429cb46ea9bc30ecc", size = 12757, upload-time = "2022-02-08T10:54:02.017Z" },
]

[[package]]
name = "tqdm"
version = "4.66.1"
source = { registry = "https://pypi.org/simple" }
dependencies = [
    { name = "colorama", marker = "sys_platform == 'win32'" },
]
sdist = { url = "https://files.pythonhosted.org/packages/62/06/d5604a70d160f6a6ca5fd2ba25597c24abd5c5ca5f437263d177ac242308/tqdm-4.66.1.tar.gz", hash = "sha256:d88e651f9db8d8551a62556d3cff9e3034274ca5d66e93197cf2490e2dcb69c7", size = 169147, upload-time = "2023-08-10T11:39:00.352Z" }
wheels = [
    { url = "https://files.pythonhosted.org/packages/00/e5/f12a80907d0884e6dff9c16d0c0114d81b8cd07dc3ae54c5e962cc83037e/tqdm-4.66.1-py3-none-any.whl", hash = "sha256:d302b3c5b53d47bce91fea46679d9c3c6508cf6332229aa1e7d8653723793386", size = 78258, upload-time = "2023-08-10T11:38:57.665Z" },
]

[[package]]
name = "urllib3"
version = "2.0.5"
source = { registry = "https://pypi.org/simple" }
sdist = { url = "https://files.pythonhosted.org/packages/51/13/62cb4a0af89fdf72db4a0ead8026e724c7f3cbf69706d84a4eff439be853/urllib3-2.0.5.tar.gz", hash = "sha256:13abf37382ea2ce6fb744d4dad67838eec857c9f4f57009891805e0b5e123594", size = 281697, upload-time = "2023-09-20T07:30:34.935Z" }
wheels = [
    { url = "https://files.pythonhosted.org/packages/37/dc/399e63f5d1d96bb643404ee830657f4dfcf8503f5ba8fa3c6d465d0c57fe/urllib3-2.0.5-py3-none-any.whl", hash = "sha256:ef16afa8ba34a1f989db38e1dbbe0c302e4289a47856990d0682e374563ce35e", size = 123792, upload-time = "2023-09-20T07:30:33.595Z" },
]
